// !$*UTF8*$!
{
	archiveVersion = 1;
	classes = {
	};
	objectVersion = 50;
	objects = {

/* Begin PBXBuildFile section */
		2D3D60DD72E6E50D4B3AE1CC /* libPods-SmartConnectTests.a in Frameworks */ = {isa = PBXBuildFile; fileRef = A07E32CEA9B93130829F9A46 /* libPods-SmartConnectTests.a */; };
		5E655CEBD5D48F531AEF8ABC /* libPods-SmartPayDemo.a in Frameworks */ = {isa = PBXBuildFile; fileRef = 950296E2114500CF04E9FC4E /* libPods-SmartPayDemo.a */; };
		745E792F231F957E00DA11FB /* SmartConnect.framework in Frameworks */ = {isa = PBXBuildFile; fileRef = 745E7925231F957E00DA11FB /* SmartConnect.framework */; };
		745E7934231F957E00DA11FB /* SmartConnectTests.swift in Sources */ = {isa = PBXBuildFile; fileRef = 745E7933231F957E00DA11FB /* SmartConnectTests.swift */; };
		745E7936231F957E00DA11FB /* SmartConnect.h in Headers */ = {isa = PBXBuildFile; fileRef = 745E7928231F957E00DA11FB /* SmartConnect.h */; settings = {ATTRIBUTES = (Public, ); }; };
		745E7946231F95DD00DA11FB /* AppDelegate.swift in Sources */ = {isa = PBXBuildFile; fileRef = 745E7945231F95DD00DA11FB /* AppDelegate.swift */; };
		745E7948231F95DD00DA11FB /* ViewController.swift in Sources */ = {isa = PBXBuildFile; fileRef = 745E7947231F95DD00DA11FB /* ViewController.swift */; };
		745E794B231F95DD00DA11FB /* Main.storyboard in Resources */ = {isa = PBXBuildFile; fileRef = 745E7949231F95DD00DA11FB /* Main.storyboard */; };
		745E794D231F95DE00DA11FB /* Assets.xcassets in Resources */ = {isa = PBXBuildFile; fileRef = 745E794C231F95DE00DA11FB /* Assets.xcassets */; };
		745E7950231F95DE00DA11FB /* LaunchScreen.storyboard in Resources */ = {isa = PBXBuildFile; fileRef = 745E794E231F95DE00DA11FB /* LaunchScreen.storyboard */; };
		745E7995231F9C6700DA11FB /* SmartConnect.swift in Sources */ = {isa = PBXBuildFile; fileRef = 745E7987231F9C6700DA11FB /* SmartConnect.swift */; };
		745E7996231F9C6700DA11FB /* Configurations.swift in Sources */ = {isa = PBXBuildFile; fileRef = 745E7988231F9C6700DA11FB /* Configurations.swift */; };
		745E79A8231F9D1E00DA11FB /* Transaction.json in Resources */ = {isa = PBXBuildFile; fileRef = 745E7999231F9D1E00DA11FB /* Transaction.json */; };
		745E79A9231F9D1E00DA11FB /* TransactionPolling.json in Resources */ = {isa = PBXBuildFile; fileRef = 745E799A231F9D1E00DA11FB /* TransactionPolling.json */; };
		745E79AA231F9D1E00DA11FB /* TransactionCompleted.json in Resources */ = {isa = PBXBuildFile; fileRef = 745E799B231F9D1E00DA11FB /* TransactionCompleted.json */; };
		745E79AB231F9D1E00DA11FB /* Pairing.json in Resources */ = {isa = PBXBuildFile; fileRef = 745E799C231F9D1E00DA11FB /* Pairing.json */; };
		745E79AC231F9D1E00DA11FB /* Service+Pairing.swift in Sources */ = {isa = PBXBuildFile; fileRef = 745E799E231F9D1E00DA11FB /* Service+Pairing.swift */; };
		745E79AD231F9D1E00DA11FB /* SmartConnectAPI.swift in Sources */ = {isa = PBXBuildFile; fileRef = 745E799F231F9D1E00DA11FB /* SmartConnectAPI.swift */; };
		745E79AE231F9D1E00DA11FB /* Network.swift in Sources */ = {isa = PBXBuildFile; fileRef = 745E79A0231F9D1E00DA11FB /* Network.swift */; };
		745E79AF231F9D1E00DA11FB /* Response+Gloss.swift in Sources */ = {isa = PBXBuildFile; fileRef = 745E79A1231F9D1E00DA11FB /* Response+Gloss.swift */; };
		745E79B0231F9D1E00DA11FB /* ErrorCode.swift in Sources */ = {isa = PBXBuildFile; fileRef = 745E79A3231F9D1E00DA11FB /* ErrorCode.swift */; };
		745E79B1231F9D1E00DA11FB /* NetworkError.swift in Sources */ = {isa = PBXBuildFile; fileRef = 745E79A4231F9D1E00DA11FB /* NetworkError.swift */; };
		745E79B2231F9D1E00DA11FB /* SMCommonResponse.swift in Sources */ = {isa = PBXBuildFile; fileRef = 745E79A6231F9D1E00DA11FB /* SMCommonResponse.swift */; };
		745E79B3231F9D1E00DA11FB /* SMAddress.swift in Sources */ = {isa = PBXBuildFile; fileRef = 745E79A7231F9D1E00DA11FB /* SMAddress.swift */; };
		745E79C02320B42C00DA11FB /* Service+Transaction.swift in Sources */ = {isa = PBXBuildFile; fileRef = 745E79BF2320B42B00DA11FB /* Service+Transaction.swift */; };
		745E79C22320B51100DA11FB /* SMTransaction.swift in Sources */ = {isa = PBXBuildFile; fileRef = 745E79C12320B51100DA11FB /* SMTransaction.swift */; };
		745E79C42320BE0E00DA11FB /* Constants.swift in Sources */ = {isa = PBXBuildFile; fileRef = 745E79C32320BE0E00DA11FB /* Constants.swift */; };
		745E79C62320C37400DA11FB /* SMTrasactionRequest.swift in Sources */ = {isa = PBXBuildFile; fileRef = 745E79C52320C37400DA11FB /* SMTrasactionRequest.swift */; };
		745E79C82320E70700DA11FB /* TimerInvocation.swift in Sources */ = {isa = PBXBuildFile; fileRef = 745E79C72320E70700DA11FB /* TimerInvocation.swift */; };
		B6AA10772AAD96E37033F0A0 /* libPods-SmartConnect.a in Frameworks */ = {isa = PBXBuildFile; fileRef = 580CE25A082AC2FC87209418 /* libPods-SmartConnect.a */; };
/* End PBXBuildFile section */

/* Begin PBXContainerItemProxy section */
		745E7930231F957E00DA11FB /* PBXContainerItemProxy */ = {
			isa = PBXContainerItemProxy;
			containerPortal = 745E791C231F957E00DA11FB /* Project object */;
			proxyType = 1;
			remoteGlobalIDString = 745E7924231F957E00DA11FB;
			remoteInfo = SmartConnect;
		};
		745E79B623208F3F00DA11FB /* PBXContainerItemProxy */ = {
			isa = PBXContainerItemProxy;
			containerPortal = 745E791C231F957E00DA11FB /* Project object */;
			proxyType = 1;
			remoteGlobalIDString = 745E7924231F957E00DA11FB;
			remoteInfo = SmartConnect;
		};
/* End PBXContainerItemProxy section */

/* Begin PBXFileReference section */
		05985581CA045ACB0AC291A6 /* Pods-SmartConnect.release.xcconfig */ = {isa = PBXFileReference; includeInIndex = 1; lastKnownFileType = text.xcconfig; name = "Pods-SmartConnect.release.xcconfig"; path = "Target Support Files/Pods-SmartConnect/Pods-SmartConnect.release.xcconfig"; sourceTree = "<group>"; };
		2E98D9B12015E64DA66C9A1A /* Pods-SmartPayDemo.release.xcconfig */ = {isa = PBXFileReference; includeInIndex = 1; lastKnownFileType = text.xcconfig; name = "Pods-SmartPayDemo.release.xcconfig"; path = "Target Support Files/Pods-SmartPayDemo/Pods-SmartPayDemo.release.xcconfig"; sourceTree = "<group>"; };
		42CE6D292BF68A2F3A146CE2 /* Pods-SmartConnect.debug.xcconfig */ = {isa = PBXFileReference; includeInIndex = 1; lastKnownFileType = text.xcconfig; name = "Pods-SmartConnect.debug.xcconfig"; path = "Target Support Files/Pods-SmartConnect/Pods-SmartConnect.debug.xcconfig"; sourceTree = "<group>"; };
		580CE25A082AC2FC87209418 /* libPods-SmartConnect.a */ = {isa = PBXFileReference; explicitFileType = archive.ar; includeInIndex = 0; path = "libPods-SmartConnect.a"; sourceTree = BUILT_PRODUCTS_DIR; };
		745E7925231F957E00DA11FB /* SmartConnect.framework */ = {isa = PBXFileReference; explicitFileType = wrapper.framework; includeInIndex = 0; path = SmartConnect.framework; sourceTree = BUILT_PRODUCTS_DIR; };
		745E7928231F957E00DA11FB /* SmartConnect.h */ = {isa = PBXFileReference; lastKnownFileType = sourcecode.c.h; path = SmartConnect.h; sourceTree = "<group>"; };
		745E7929231F957E00DA11FB /* Info.plist */ = {isa = PBXFileReference; lastKnownFileType = text.plist.xml; path = Info.plist; sourceTree = "<group>"; };
		745E792E231F957E00DA11FB /* SmartConnectTests.xctest */ = {isa = PBXFileReference; explicitFileType = wrapper.cfbundle; includeInIndex = 0; path = SmartConnectTests.xctest; sourceTree = BUILT_PRODUCTS_DIR; };
		745E7933231F957E00DA11FB /* SmartConnectTests.swift */ = {isa = PBXFileReference; lastKnownFileType = sourcecode.swift; path = SmartConnectTests.swift; sourceTree = "<group>"; };
		745E7935231F957E00DA11FB /* Info.plist */ = {isa = PBXFileReference; lastKnownFileType = text.plist.xml; path = Info.plist; sourceTree = "<group>"; };
		745E7943231F95DD00DA11FB /* SmartPayDemo.app */ = {isa = PBXFileReference; explicitFileType = wrapper.application; includeInIndex = 0; path = SmartPayDemo.app; sourceTree = BUILT_PRODUCTS_DIR; };
		745E7945231F95DD00DA11FB /* AppDelegate.swift */ = {isa = PBXFileReference; lastKnownFileType = sourcecode.swift; path = AppDelegate.swift; sourceTree = "<group>"; };
		745E7947231F95DD00DA11FB /* ViewController.swift */ = {isa = PBXFileReference; lastKnownFileType = sourcecode.swift; path = ViewController.swift; sourceTree = "<group>"; };
		745E794A231F95DD00DA11FB /* Base */ = {isa = PBXFileReference; lastKnownFileType = file.storyboard; name = Base; path = Base.lproj/Main.storyboard; sourceTree = "<group>"; };
		745E794C231F95DE00DA11FB /* Assets.xcassets */ = {isa = PBXFileReference; lastKnownFileType = folder.assetcatalog; path = Assets.xcassets; sourceTree = "<group>"; };
		745E794F231F95DE00DA11FB /* Base */ = {isa = PBXFileReference; lastKnownFileType = file.storyboard; name = Base; path = Base.lproj/LaunchScreen.storyboard; sourceTree = "<group>"; };
		745E7951231F95DE00DA11FB /* Info.plist */ = {isa = PBXFileReference; lastKnownFileType = text.plist.xml; path = Info.plist; sourceTree = "<group>"; };
		745E7987231F9C6700DA11FB /* SmartConnect.swift */ = {isa = PBXFileReference; fileEncoding = 4; lastKnownFileType = sourcecode.swift; path = SmartConnect.swift; sourceTree = "<group>"; };
		745E7988231F9C6700DA11FB /* Configurations.swift */ = {isa = PBXFileReference; fileEncoding = 4; lastKnownFileType = sourcecode.swift; path = Configurations.swift; sourceTree = "<group>"; };
		745E7999231F9D1E00DA11FB /* Transaction.json */ = {isa = PBXFileReference; fileEncoding = 4; lastKnownFileType = text.json; path = Transaction.json; sourceTree = "<group>"; };
		745E799A231F9D1E00DA11FB /* TransactionPolling.json */ = {isa = PBXFileReference; fileEncoding = 4; lastKnownFileType = text.json; path = TransactionPolling.json; sourceTree = "<group>"; };
		745E799B231F9D1E00DA11FB /* TransactionCompleted.json */ = {isa = PBXFileReference; fileEncoding = 4; lastKnownFileType = text.json; path = TransactionCompleted.json; sourceTree = "<group>"; };
		745E799C231F9D1E00DA11FB /* Pairing.json */ = {isa = PBXFileReference; fileEncoding = 4; lastKnownFileType = text.json; path = Pairing.json; sourceTree = "<group>"; };
		745E799E231F9D1E00DA11FB /* Service+Pairing.swift */ = {isa = PBXFileReference; fileEncoding = 4; lastKnownFileType = sourcecode.swift; path = "Service+Pairing.swift"; sourceTree = "<group>"; };
		745E799F231F9D1E00DA11FB /* SmartConnectAPI.swift */ = {isa = PBXFileReference; fileEncoding = 4; lastKnownFileType = sourcecode.swift; path = SmartConnectAPI.swift; sourceTree = "<group>"; };
		745E79A0231F9D1E00DA11FB /* Network.swift */ = {isa = PBXFileReference; fileEncoding = 4; lastKnownFileType = sourcecode.swift; path = Network.swift; sourceTree = "<group>"; };
		745E79A1231F9D1E00DA11FB /* Response+Gloss.swift */ = {isa = PBXFileReference; fileEncoding = 4; lastKnownFileType = sourcecode.swift; path = "Response+Gloss.swift"; sourceTree = "<group>"; };
		745E79A3231F9D1E00DA11FB /* ErrorCode.swift */ = {isa = PBXFileReference; fileEncoding = 4; lastKnownFileType = sourcecode.swift; path = ErrorCode.swift; sourceTree = "<group>"; };
		745E79A4231F9D1E00DA11FB /* NetworkError.swift */ = {isa = PBXFileReference; fileEncoding = 4; lastKnownFileType = sourcecode.swift; path = NetworkError.swift; sourceTree = "<group>"; };
		745E79A6231F9D1E00DA11FB /* SMCommonResponse.swift */ = {isa = PBXFileReference; fileEncoding = 4; lastKnownFileType = sourcecode.swift; path = SMCommonResponse.swift; sourceTree = "<group>"; };
		745E79A7231F9D1E00DA11FB /* SMAddress.swift */ = {isa = PBXFileReference; fileEncoding = 4; lastKnownFileType = sourcecode.swift; path = SMAddress.swift; sourceTree = "<group>"; };
		745E79BF2320B42B00DA11FB /* Service+Transaction.swift */ = {isa = PBXFileReference; lastKnownFileType = sourcecode.swift; path = "Service+Transaction.swift"; sourceTree = "<group>"; };
		745E79C12320B51100DA11FB /* SMTransaction.swift */ = {isa = PBXFileReference; lastKnownFileType = sourcecode.swift; path = SMTransaction.swift; sourceTree = "<group>"; };
		745E79C32320BE0E00DA11FB /* Constants.swift */ = {isa = PBXFileReference; lastKnownFileType = sourcecode.swift; path = Constants.swift; sourceTree = "<group>"; };
		745E79C52320C37400DA11FB /* SMTrasactionRequest.swift */ = {isa = PBXFileReference; lastKnownFileType = sourcecode.swift; path = SMTrasactionRequest.swift; sourceTree = "<group>"; };
		745E79C72320E70700DA11FB /* TimerInvocation.swift */ = {isa = PBXFileReference; lastKnownFileType = sourcecode.swift; path = TimerInvocation.swift; sourceTree = "<group>"; };
		950296E2114500CF04E9FC4E /* libPods-SmartPayDemo.a */ = {isa = PBXFileReference; explicitFileType = archive.ar; includeInIndex = 0; path = "libPods-SmartPayDemo.a"; sourceTree = BUILT_PRODUCTS_DIR; };
		A07E32CEA9B93130829F9A46 /* libPods-SmartConnectTests.a */ = {isa = PBXFileReference; explicitFileType = archive.ar; includeInIndex = 0; path = "libPods-SmartConnectTests.a"; sourceTree = BUILT_PRODUCTS_DIR; };
		B4A766E21E3FCB16E99D58D9 /* Pods-SmartConnectTests.debug.xcconfig */ = {isa = PBXFileReference; includeInIndex = 1; lastKnownFileType = text.xcconfig; name = "Pods-SmartConnectTests.debug.xcconfig"; path = "Target Support Files/Pods-SmartConnectTests/Pods-SmartConnectTests.debug.xcconfig"; sourceTree = "<group>"; };
		D3869A4F22AA09EE92167210 /* Pods-SmartPayDemo.debug.xcconfig */ = {isa = PBXFileReference; includeInIndex = 1; lastKnownFileType = text.xcconfig; name = "Pods-SmartPayDemo.debug.xcconfig"; path = "Target Support Files/Pods-SmartPayDemo/Pods-SmartPayDemo.debug.xcconfig"; sourceTree = "<group>"; };
		FF8C1D044F3954E9F5AABF07 /* Pods-SmartConnectTests.release.xcconfig */ = {isa = PBXFileReference; includeInIndex = 1; lastKnownFileType = text.xcconfig; name = "Pods-SmartConnectTests.release.xcconfig"; path = "Target Support Files/Pods-SmartConnectTests/Pods-SmartConnectTests.release.xcconfig"; sourceTree = "<group>"; };
/* End PBXFileReference section */

/* Begin PBXFrameworksBuildPhase section */
		745E7922231F957E00DA11FB /* Frameworks */ = {
			isa = PBXFrameworksBuildPhase;
			buildActionMask = 2147483647;
			files = (
				B6AA10772AAD96E37033F0A0 /* libPods-SmartConnect.a in Frameworks */,
			);
			runOnlyForDeploymentPostprocessing = 0;
		};
		745E792B231F957E00DA11FB /* Frameworks */ = {
			isa = PBXFrameworksBuildPhase;
			buildActionMask = 2147483647;
			files = (
				745E792F231F957E00DA11FB /* SmartConnect.framework in Frameworks */,
				2D3D60DD72E6E50D4B3AE1CC /* libPods-SmartConnectTests.a in Frameworks */,
			);
			runOnlyForDeploymentPostprocessing = 0;
		};
		745E7940231F95DD00DA11FB /* Frameworks */ = {
			isa = PBXFrameworksBuildPhase;
			buildActionMask = 2147483647;
			files = (
				5E655CEBD5D48F531AEF8ABC /* libPods-SmartPayDemo.a in Frameworks */,
			);
			runOnlyForDeploymentPostprocessing = 0;
		};
/* End PBXFrameworksBuildPhase section */

/* Begin PBXGroup section */
		745E791B231F957E00DA11FB = {
			isa = PBXGroup;
			children = (
				745E7927231F957E00DA11FB /* SmartConnect */,
				745E7932231F957E00DA11FB /* SmartConnectTests */,
				745E7944231F95DD00DA11FB /* SmartPayDemo */,
				745E7926231F957E00DA11FB /* Products */,
				EE645827923A2C831BAE6A4C /* Pods */,
				7AD76C65281B78D8BEEFBAD8 /* Frameworks */,
			);
			sourceTree = "<group>";
		};
		745E7926231F957E00DA11FB /* Products */ = {
			isa = PBXGroup;
			children = (
				745E7925231F957E00DA11FB /* SmartConnect.framework */,
				745E792E231F957E00DA11FB /* SmartConnectTests.xctest */,
				745E7943231F95DD00DA11FB /* SmartPayDemo.app */,
			);
			name = Products;
			sourceTree = "<group>";
		};
		745E7927231F957E00DA11FB /* SmartConnect */ = {
			isa = PBXGroup;
			children = (
				745E7988231F9C6700DA11FB /* Configurations.swift */,
				745E7987231F9C6700DA11FB /* SmartConnect.swift */,
				745E79C72320E70700DA11FB /* TimerInvocation.swift */,
				745E79A2231F9D1E00DA11FB /* Errors */,
				745E79A5231F9D1E00DA11FB /* Models */,
				745E7997231F9D1E00DA11FB /* Networking */,
				745E7928231F957E00DA11FB /* SmartConnect.h */,
				745E7929231F957E00DA11FB /* Info.plist */,
			);
			path = SmartConnect;
			sourceTree = "<group>";
		};
		745E7932231F957E00DA11FB /* SmartConnectTests */ = {
			isa = PBXGroup;
			children = (
				745E7933231F957E00DA11FB /* SmartConnectTests.swift */,
				745E7935231F957E00DA11FB /* Info.plist */,
			);
			path = SmartConnectTests;
			sourceTree = "<group>";
		};
		745E7944231F95DD00DA11FB /* SmartPayDemo */ = {
			isa = PBXGroup;
			children = (
				745E7945231F95DD00DA11FB /* AppDelegate.swift */,
				745E7947231F95DD00DA11FB /* ViewController.swift */,
				745E7949231F95DD00DA11FB /* Main.storyboard */,
				745E794C231F95DE00DA11FB /* Assets.xcassets */,
				745E794E231F95DE00DA11FB /* LaunchScreen.storyboard */,
				745E7951231F95DE00DA11FB /* Info.plist */,
			);
			path = SmartPayDemo;
			sourceTree = "<group>";
		};
		745E7997231F9D1E00DA11FB /* Networking */ = {
			isa = PBXGroup;
			children = (
				745E7998231F9D1E00DA11FB /* StubResponses */,
				745E799D231F9D1E00DA11FB /* Services */,
				745E79A1231F9D1E00DA11FB /* Response+Gloss.swift */,
			);
			path = Networking;
			sourceTree = "<group>";
		};
		745E7998231F9D1E00DA11FB /* StubResponses */ = {
			isa = PBXGroup;
			children = (
				745E7999231F9D1E00DA11FB /* Transaction.json */,
				745E799A231F9D1E00DA11FB /* TransactionPolling.json */,
				745E799B231F9D1E00DA11FB /* TransactionCompleted.json */,
				745E799C231F9D1E00DA11FB /* Pairing.json */,
			);
			path = StubResponses;
			sourceTree = "<group>";
		};
		745E799D231F9D1E00DA11FB /* Services */ = {
			isa = PBXGroup;
			children = (
				745E799E231F9D1E00DA11FB /* Service+Pairing.swift */,
				745E79BF2320B42B00DA11FB /* Service+Transaction.swift */,
				745E799F231F9D1E00DA11FB /* SmartConnectAPI.swift */,
				745E79C32320BE0E00DA11FB /* Constants.swift */,
				745E79A0231F9D1E00DA11FB /* Network.swift */,
			);
			path = Services;
			sourceTree = "<group>";
		};
		745E79A2231F9D1E00DA11FB /* Errors */ = {
			isa = PBXGroup;
			children = (
				745E79A3231F9D1E00DA11FB /* ErrorCode.swift */,
				745E79A4231F9D1E00DA11FB /* NetworkError.swift */,
			);
			path = Errors;
			sourceTree = "<group>";
		};
		745E79A5231F9D1E00DA11FB /* Models */ = {
			isa = PBXGroup;
			children = (
				745E79A6231F9D1E00DA11FB /* SMCommonResponse.swift */,
				745E79A7231F9D1E00DA11FB /* SMAddress.swift */,
				745E79C12320B51100DA11FB /* SMTransaction.swift */,
				745E79C52320C37400DA11FB /* SMTrasactionRequest.swift */,
			);
			path = Models;
			sourceTree = "<group>";
		};
		7AD76C65281B78D8BEEFBAD8 /* Frameworks */ = {
			isa = PBXGroup;
			children = (
				580CE25A082AC2FC87209418 /* libPods-SmartConnect.a */,
				A07E32CEA9B93130829F9A46 /* libPods-SmartConnectTests.a */,
				950296E2114500CF04E9FC4E /* libPods-SmartPayDemo.a */,
			);
			name = Frameworks;
			sourceTree = "<group>";
		};
		EE645827923A2C831BAE6A4C /* Pods */ = {
			isa = PBXGroup;
			children = (
				42CE6D292BF68A2F3A146CE2 /* Pods-SmartConnect.debug.xcconfig */,
				05985581CA045ACB0AC291A6 /* Pods-SmartConnect.release.xcconfig */,
				B4A766E21E3FCB16E99D58D9 /* Pods-SmartConnectTests.debug.xcconfig */,
				FF8C1D044F3954E9F5AABF07 /* Pods-SmartConnectTests.release.xcconfig */,
				D3869A4F22AA09EE92167210 /* Pods-SmartPayDemo.debug.xcconfig */,
				2E98D9B12015E64DA66C9A1A /* Pods-SmartPayDemo.release.xcconfig */,
			);
			path = Pods;
			sourceTree = "<group>";
		};
/* End PBXGroup section */

/* Begin PBXHeadersBuildPhase section */
		745E7920231F957E00DA11FB /* Headers */ = {
			isa = PBXHeadersBuildPhase;
			buildActionMask = 2147483647;
			files = (
				745E7936231F957E00DA11FB /* SmartConnect.h in Headers */,
			);
			runOnlyForDeploymentPostprocessing = 0;
		};
/* End PBXHeadersBuildPhase section */

/* Begin PBXNativeTarget section */
		745E7924231F957E00DA11FB /* SmartConnect */ = {
			isa = PBXNativeTarget;
			buildConfigurationList = 745E7939231F957E00DA11FB /* Build configuration list for PBXNativeTarget "SmartConnect" */;
			buildPhases = (
				0668E410E170E3965EE0ADF1 /* [CP] Check Pods Manifest.lock */,
				745E7920231F957E00DA11FB /* Headers */,
				745E7921231F957E00DA11FB /* Sources */,
				745E7922231F957E00DA11FB /* Frameworks */,
				745E7923231F957E00DA11FB /* Resources */,
			);
			buildRules = (
			);
			dependencies = (
			);
			name = SmartConnect;
			productName = SmartConnect;
			productReference = 745E7925231F957E00DA11FB /* SmartConnect.framework */;
			productType = "com.apple.product-type.framework";
		};
		745E792D231F957E00DA11FB /* SmartConnectTests */ = {
			isa = PBXNativeTarget;
			buildConfigurationList = 745E793C231F957E00DA11FB /* Build configuration list for PBXNativeTarget "SmartConnectTests" */;
			buildPhases = (
				BD3B4E371E1D831EAB425942 /* [CP] Check Pods Manifest.lock */,
				745E792A231F957E00DA11FB /* Sources */,
				745E792B231F957E00DA11FB /* Frameworks */,
				745E792C231F957E00DA11FB /* Resources */,
			);
			buildRules = (
			);
			dependencies = (
				745E7931231F957E00DA11FB /* PBXTargetDependency */,
			);
			name = SmartConnectTests;
			productName = SmartConnectTests;
			productReference = 745E792E231F957E00DA11FB /* SmartConnectTests.xctest */;
			productType = "com.apple.product-type.bundle.unit-test";
		};
		745E7942231F95DD00DA11FB /* SmartPayDemo */ = {
			isa = PBXNativeTarget;
			buildConfigurationList = 745E7952231F95DE00DA11FB /* Build configuration list for PBXNativeTarget "SmartPayDemo" */;
			buildPhases = (
				BE96165C12F2E397B9D4AF55 /* [CP] Check Pods Manifest.lock */,
				745E793F231F95DD00DA11FB /* Sources */,
				745E7940231F95DD00DA11FB /* Frameworks */,
				745E7941231F95DD00DA11FB /* Resources */,
			);
			buildRules = (
			);
			dependencies = (
				745E79B723208F3F00DA11FB /* PBXTargetDependency */,
			);
			name = SmartPayDemo;
			productName = SmartPayDemo;
			productReference = 745E7943231F95DD00DA11FB /* SmartPayDemo.app */;
			productType = "com.apple.product-type.application";
		};
/* End PBXNativeTarget section */

/* Begin PBXProject section */
		745E791C231F957E00DA11FB /* Project object */ = {
			isa = PBXProject;
			attributes = {
				LastSwiftUpdateCheck = 1030;
				LastUpgradeCheck = 1030;
				ORGANIZATIONNAME = Abacus;
				TargetAttributes = {
					745E7924231F957E00DA11FB = {
						CreatedOnToolsVersion = 10.3;
						LastSwiftMigration = 1030;
					};
					745E792D231F957E00DA11FB = {
						CreatedOnToolsVersion = 10.3;
					};
					745E7942231F95DD00DA11FB = {
						CreatedOnToolsVersion = 10.3;
					};
				};
			};
			buildConfigurationList = 745E791F231F957E00DA11FB /* Build configuration list for PBXProject "SmartConnect" */;
			compatibilityVersion = "Xcode 9.3";
			developmentRegion = en;
			hasScannedForEncodings = 0;
			knownRegions = (
				en,
				Base,
			);
			mainGroup = 745E791B231F957E00DA11FB;
			productRefGroup = 745E7926231F957E00DA11FB /* Products */;
			projectDirPath = "";
			projectRoot = "";
			targets = (
				745E7924231F957E00DA11FB /* SmartConnect */,
				745E792D231F957E00DA11FB /* SmartConnectTests */,
				745E7942231F95DD00DA11FB /* SmartPayDemo */,
			);
		};
/* End PBXProject section */

/* Begin PBXResourcesBuildPhase section */
		745E7923231F957E00DA11FB /* Resources */ = {
			isa = PBXResourcesBuildPhase;
			buildActionMask = 2147483647;
			files = (
				745E79A9231F9D1E00DA11FB /* TransactionPolling.json in Resources */,
				745E79AA231F9D1E00DA11FB /* TransactionCompleted.json in Resources */,
				745E79AB231F9D1E00DA11FB /* Pairing.json in Resources */,
				745E79A8231F9D1E00DA11FB /* Transaction.json in Resources */,
			);
			runOnlyForDeploymentPostprocessing = 0;
		};
		745E792C231F957E00DA11FB /* Resources */ = {
			isa = PBXResourcesBuildPhase;
			buildActionMask = 2147483647;
			files = (
			);
			runOnlyForDeploymentPostprocessing = 0;
		};
		745E7941231F95DD00DA11FB /* Resources */ = {
			isa = PBXResourcesBuildPhase;
			buildActionMask = 2147483647;
			files = (
				745E7950231F95DE00DA11FB /* LaunchScreen.storyboard in Resources */,
				745E794D231F95DE00DA11FB /* Assets.xcassets in Resources */,
				745E794B231F95DD00DA11FB /* Main.storyboard in Resources */,
			);
			runOnlyForDeploymentPostprocessing = 0;
		};
/* End PBXResourcesBuildPhase section */

/* Begin PBXShellScriptBuildPhase section */
		0668E410E170E3965EE0ADF1 /* [CP] Check Pods Manifest.lock */ = {
			isa = PBXShellScriptBuildPhase;
			buildActionMask = 2147483647;
			files = (
			);
			inputFileListPaths = (
			);
			inputPaths = (
				"${PODS_PODFILE_DIR_PATH}/Podfile.lock",
				"${PODS_ROOT}/Manifest.lock",
			);
			name = "[CP] Check Pods Manifest.lock";
			outputFileListPaths = (
			);
			outputPaths = (
				"$(DERIVED_FILE_DIR)/Pods-SmartConnect-checkManifestLockResult.txt",
			);
			runOnlyForDeploymentPostprocessing = 0;
			shellPath = /bin/sh;
			shellScript = "diff \"${PODS_PODFILE_DIR_PATH}/Podfile.lock\" \"${PODS_ROOT}/Manifest.lock\" > /dev/null\nif [ $? != 0 ] ; then\n    # print error to STDERR\n    echo \"error: The sandbox is not in sync with the Podfile.lock. Run 'pod install' or update your CocoaPods installation.\" >&2\n    exit 1\nfi\n# This output is used by Xcode 'outputs' to avoid re-running this script phase.\necho \"SUCCESS\" > \"${SCRIPT_OUTPUT_FILE_0}\"\n";
			showEnvVarsInLog = 0;
		};
		BD3B4E371E1D831EAB425942 /* [CP] Check Pods Manifest.lock */ = {
			isa = PBXShellScriptBuildPhase;
			buildActionMask = 2147483647;
			files = (
			);
			inputFileListPaths = (
			);
			inputPaths = (
				"${PODS_PODFILE_DIR_PATH}/Podfile.lock",
				"${PODS_ROOT}/Manifest.lock",
			);
			name = "[CP] Check Pods Manifest.lock";
			outputFileListPaths = (
			);
			outputPaths = (
				"$(DERIVED_FILE_DIR)/Pods-SmartConnectTests-checkManifestLockResult.txt",
			);
			runOnlyForDeploymentPostprocessing = 0;
			shellPath = /bin/sh;
			shellScript = "diff \"${PODS_PODFILE_DIR_PATH}/Podfile.lock\" \"${PODS_ROOT}/Manifest.lock\" > /dev/null\nif [ $? != 0 ] ; then\n    # print error to STDERR\n    echo \"error: The sandbox is not in sync with the Podfile.lock. Run 'pod install' or update your CocoaPods installation.\" >&2\n    exit 1\nfi\n# This output is used by Xcode 'outputs' to avoid re-running this script phase.\necho \"SUCCESS\" > \"${SCRIPT_OUTPUT_FILE_0}\"\n";
			showEnvVarsInLog = 0;
		};
		BE96165C12F2E397B9D4AF55 /* [CP] Check Pods Manifest.lock */ = {
			isa = PBXShellScriptBuildPhase;
			buildActionMask = 2147483647;
			files = (
			);
			inputFileListPaths = (
			);
			inputPaths = (
				"${PODS_PODFILE_DIR_PATH}/Podfile.lock",
				"${PODS_ROOT}/Manifest.lock",
			);
			name = "[CP] Check Pods Manifest.lock";
			outputFileListPaths = (
			);
			outputPaths = (
				"$(DERIVED_FILE_DIR)/Pods-SmartPayDemo-checkManifestLockResult.txt",
			);
			runOnlyForDeploymentPostprocessing = 0;
			shellPath = /bin/sh;
			shellScript = "diff \"${PODS_PODFILE_DIR_PATH}/Podfile.lock\" \"${PODS_ROOT}/Manifest.lock\" > /dev/null\nif [ $? != 0 ] ; then\n    # print error to STDERR\n    echo \"error: The sandbox is not in sync with the Podfile.lock. Run 'pod install' or update your CocoaPods installation.\" >&2\n    exit 1\nfi\n# This output is used by Xcode 'outputs' to avoid re-running this script phase.\necho \"SUCCESS\" > \"${SCRIPT_OUTPUT_FILE_0}\"\n";
			showEnvVarsInLog = 0;
		};
/* End PBXShellScriptBuildPhase section */

/* Begin PBXSourcesBuildPhase section */
		745E7921231F957E00DA11FB /* Sources */ = {
			isa = PBXSourcesBuildPhase;
			buildActionMask = 2147483647;
			files = (
				745E79B2231F9D1E00DA11FB /* SMCommonResponse.swift in Sources */,
				745E79AE231F9D1E00DA11FB /* Network.swift in Sources */,
				745E79C22320B51100DA11FB /* SMTransaction.swift in Sources */,
				745E79C62320C37400DA11FB /* SMTrasactionRequest.swift in Sources */,
				745E79B1231F9D1E00DA11FB /* NetworkError.swift in Sources */,
				745E7996231F9C6700DA11FB /* Configurations.swift in Sources */,
				745E79B3231F9D1E00DA11FB /* SMAddress.swift in Sources */,
				745E79AC231F9D1E00DA11FB /* Service+Pairing.swift in Sources */,
				745E79C42320BE0E00DA11FB /* Constants.swift in Sources */,
				745E79C02320B42C00DA11FB /* Service+Transaction.swift in Sources */,
				745E79B0231F9D1E00DA11FB /* ErrorCode.swift in Sources */,
				745E7995231F9C6700DA11FB /* SmartConnect.swift in Sources */,
				745E79AD231F9D1E00DA11FB /* SmartConnectAPI.swift in Sources */,
				745E79AF231F9D1E00DA11FB /* Response+Gloss.swift in Sources */,
				745E79C82320E70700DA11FB /* TimerInvocation.swift in Sources */,
			);
			runOnlyForDeploymentPostprocessing = 0;
		};
		745E792A231F957E00DA11FB /* Sources */ = {
			isa = PBXSourcesBuildPhase;
			buildActionMask = 2147483647;
			files = (
				745E7934231F957E00DA11FB /* SmartConnectTests.swift in Sources */,
			);
			runOnlyForDeploymentPostprocessing = 0;
		};
		745E793F231F95DD00DA11FB /* Sources */ = {
			isa = PBXSourcesBuildPhase;
			buildActionMask = 2147483647;
			files = (
				745E7948231F95DD00DA11FB /* ViewController.swift in Sources */,
				745E7946231F95DD00DA11FB /* AppDelegate.swift in Sources */,
			);
			runOnlyForDeploymentPostprocessing = 0;
		};
/* End PBXSourcesBuildPhase section */

/* Begin PBXTargetDependency section */
		745E7931231F957E00DA11FB /* PBXTargetDependency */ = {
			isa = PBXTargetDependency;
			target = 745E7924231F957E00DA11FB /* SmartConnect */;
			targetProxy = 745E7930231F957E00DA11FB /* PBXContainerItemProxy */;
		};
		745E79B723208F3F00DA11FB /* PBXTargetDependency */ = {
			isa = PBXTargetDependency;
			target = 745E7924231F957E00DA11FB /* SmartConnect */;
			targetProxy = 745E79B623208F3F00DA11FB /* PBXContainerItemProxy */;
		};
/* End PBXTargetDependency section */

/* Begin PBXVariantGroup section */
		745E7949231F95DD00DA11FB /* Main.storyboard */ = {
			isa = PBXVariantGroup;
			children = (
				745E794A231F95DD00DA11FB /* Base */,
			);
			name = Main.storyboard;
			sourceTree = "<group>";
		};
		745E794E231F95DE00DA11FB /* LaunchScreen.storyboard */ = {
			isa = PBXVariantGroup;
			children = (
				745E794F231F95DE00DA11FB /* Base */,
			);
			name = LaunchScreen.storyboard;
			sourceTree = "<group>";
		};
/* End PBXVariantGroup section */

/* Begin XCBuildConfiguration section */
		745E7937231F957E00DA11FB /* Debug */ = {
			isa = XCBuildConfiguration;
			buildSettings = {
				ALWAYS_SEARCH_USER_PATHS = NO;
				CLANG_ANALYZER_NONNULL = YES;
				CLANG_ANALYZER_NUMBER_OBJECT_CONVERSION = YES_AGGRESSIVE;
				CLANG_CXX_LANGUAGE_STANDARD = "gnu++14";
				CLANG_CXX_LIBRARY = "libc++";
				CLANG_ENABLE_MODULES = YES;
				CLANG_ENABLE_OBJC_ARC = YES;
				CLANG_ENABLE_OBJC_WEAK = YES;
				CLANG_WARN_BLOCK_CAPTURE_AUTORELEASING = YES;
				CLANG_WARN_BOOL_CONVERSION = YES;
				CLANG_WARN_COMMA = YES;
				CLANG_WARN_CONSTANT_CONVERSION = YES;
				CLANG_WARN_DEPRECATED_OBJC_IMPLEMENTATIONS = YES;
				CLANG_WARN_DIRECT_OBJC_ISA_USAGE = YES_ERROR;
				CLANG_WARN_DOCUMENTATION_COMMENTS = YES;
				CLANG_WARN_EMPTY_BODY = YES;
				CLANG_WARN_ENUM_CONVERSION = YES;
				CLANG_WARN_INFINITE_RECURSION = YES;
				CLANG_WARN_INT_CONVERSION = YES;
				CLANG_WARN_NON_LITERAL_NULL_CONVERSION = YES;
				CLANG_WARN_OBJC_IMPLICIT_RETAIN_SELF = YES;
				CLANG_WARN_OBJC_LITERAL_CONVERSION = YES;
				CLANG_WARN_OBJC_ROOT_CLASS = YES_ERROR;
				CLANG_WARN_RANGE_LOOP_ANALYSIS = YES;
				CLANG_WARN_STRICT_PROTOTYPES = YES;
				CLANG_WARN_SUSPICIOUS_MOVE = YES;
				CLANG_WARN_UNGUARDED_AVAILABILITY = YES_AGGRESSIVE;
				CLANG_WARN_UNREACHABLE_CODE = YES;
				CLANG_WARN__DUPLICATE_METHOD_MATCH = YES;
				CODE_SIGN_IDENTITY = "iPhone Developer";
				COPY_PHASE_STRIP = NO;
				CURRENT_PROJECT_VERSION = 1;
				DEBUG_INFORMATION_FORMAT = dwarf;
				ENABLE_STRICT_OBJC_MSGSEND = YES;
				ENABLE_TESTABILITY = YES;
				GCC_C_LANGUAGE_STANDARD = gnu11;
				GCC_DYNAMIC_NO_PIC = NO;
				GCC_NO_COMMON_BLOCKS = YES;
				GCC_OPTIMIZATION_LEVEL = 0;
				GCC_PREPROCESSOR_DEFINITIONS = (
					"DEBUG=1",
					"$(inherited)",
				);
				GCC_WARN_64_TO_32_BIT_CONVERSION = YES;
				GCC_WARN_ABOUT_RETURN_TYPE = YES_ERROR;
				GCC_WARN_UNDECLARED_SELECTOR = YES;
				GCC_WARN_UNINITIALIZED_AUTOS = YES_AGGRESSIVE;
				GCC_WARN_UNUSED_FUNCTION = YES;
				GCC_WARN_UNUSED_VARIABLE = YES;
				IPHONEOS_DEPLOYMENT_TARGET = 12.4;
				MTL_ENABLE_DEBUG_INFO = INCLUDE_SOURCE;
				MTL_FAST_MATH = YES;
				ONLY_ACTIVE_ARCH = YES;
				SDKROOT = iphoneos;
				SWIFT_ACTIVE_COMPILATION_CONDITIONS = DEBUG;
				SWIFT_OPTIMIZATION_LEVEL = "-Onone";
				VERSIONING_SYSTEM = "apple-generic";
				VERSION_INFO_PREFIX = "";
			};
			name = Debug;
		};
		745E7938231F957E00DA11FB /* Release */ = {
			isa = XCBuildConfiguration;
			buildSettings = {
				ALWAYS_SEARCH_USER_PATHS = NO;
				CLANG_ANALYZER_NONNULL = YES;
				CLANG_ANALYZER_NUMBER_OBJECT_CONVERSION = YES_AGGRESSIVE;
				CLANG_CXX_LANGUAGE_STANDARD = "gnu++14";
				CLANG_CXX_LIBRARY = "libc++";
				CLANG_ENABLE_MODULES = YES;
				CLANG_ENABLE_OBJC_ARC = YES;
				CLANG_ENABLE_OBJC_WEAK = YES;
				CLANG_WARN_BLOCK_CAPTURE_AUTORELEASING = YES;
				CLANG_WARN_BOOL_CONVERSION = YES;
				CLANG_WARN_COMMA = YES;
				CLANG_WARN_CONSTANT_CONVERSION = YES;
				CLANG_WARN_DEPRECATED_OBJC_IMPLEMENTATIONS = YES;
				CLANG_WARN_DIRECT_OBJC_ISA_USAGE = YES_ERROR;
				CLANG_WARN_DOCUMENTATION_COMMENTS = YES;
				CLANG_WARN_EMPTY_BODY = YES;
				CLANG_WARN_ENUM_CONVERSION = YES;
				CLANG_WARN_INFINITE_RECURSION = YES;
				CLANG_WARN_INT_CONVERSION = YES;
				CLANG_WARN_NON_LITERAL_NULL_CONVERSION = YES;
				CLANG_WARN_OBJC_IMPLICIT_RETAIN_SELF = YES;
				CLANG_WARN_OBJC_LITERAL_CONVERSION = YES;
				CLANG_WARN_OBJC_ROOT_CLASS = YES_ERROR;
				CLANG_WARN_RANGE_LOOP_ANALYSIS = YES;
				CLANG_WARN_STRICT_PROTOTYPES = YES;
				CLANG_WARN_SUSPICIOUS_MOVE = YES;
				CLANG_WARN_UNGUARDED_AVAILABILITY = YES_AGGRESSIVE;
				CLANG_WARN_UNREACHABLE_CODE = YES;
				CLANG_WARN__DUPLICATE_METHOD_MATCH = YES;
				CODE_SIGN_IDENTITY = "iPhone Developer";
				COPY_PHASE_STRIP = NO;
				CURRENT_PROJECT_VERSION = 1;
				DEBUG_INFORMATION_FORMAT = "dwarf-with-dsym";
				ENABLE_NS_ASSERTIONS = NO;
				ENABLE_STRICT_OBJC_MSGSEND = YES;
				GCC_C_LANGUAGE_STANDARD = gnu11;
				GCC_NO_COMMON_BLOCKS = YES;
				GCC_WARN_64_TO_32_BIT_CONVERSION = YES;
				GCC_WARN_ABOUT_RETURN_TYPE = YES_ERROR;
				GCC_WARN_UNDECLARED_SELECTOR = YES;
				GCC_WARN_UNINITIALIZED_AUTOS = YES_AGGRESSIVE;
				GCC_WARN_UNUSED_FUNCTION = YES;
				GCC_WARN_UNUSED_VARIABLE = YES;
				IPHONEOS_DEPLOYMENT_TARGET = 12.4;
				MTL_ENABLE_DEBUG_INFO = NO;
				MTL_FAST_MATH = YES;
				SDKROOT = iphoneos;
				SWIFT_COMPILATION_MODE = wholemodule;
				SWIFT_OPTIMIZATION_LEVEL = "-O";
				VALIDATE_PRODUCT = YES;
				VERSIONING_SYSTEM = "apple-generic";
				VERSION_INFO_PREFIX = "";
			};
			name = Release;
		};
		745E793A231F957E00DA11FB /* Debug */ = {
			isa = XCBuildConfiguration;
			baseConfigurationReference = 42CE6D292BF68A2F3A146CE2 /* Pods-SmartConnect.debug.xcconfig */;
			buildSettings = {
				CLANG_ENABLE_MODULES = YES;
				CODE_SIGN_IDENTITY = "";
				CODE_SIGN_STYLE = Automatic;
				DEFINES_MODULE = YES;
				DYLIB_COMPATIBILITY_VERSION = 1;
				DYLIB_CURRENT_VERSION = 1;
				DYLIB_INSTALL_NAME_BASE = "@rpath";
				INFOPLIST_FILE = SmartConnect/Info.plist;
				INSTALL_PATH = "$(LOCAL_LIBRARY_DIR)/Frameworks";
				IPHONEOS_DEPLOYMENT_TARGET = 8.0;
				LD_RUNPATH_SEARCH_PATHS = (
					"$(inherited)",
					"@executable_path/Frameworks",
					"@loader_path/Frameworks",
				);
				PRODUCT_BUNDLE_IDENTIFIER = com.smartpay.SmartConnect;
				PRODUCT_NAME = "$(TARGET_NAME:c99extidentifier)";
				SKIP_INSTALL = YES;
				SWIFT_OPTIMIZATION_LEVEL = "-Onone";
				SWIFT_VERSION = 5.0;
				TARGETED_DEVICE_FAMILY = "1,2";
			};
			name = Debug;
		};
		745E793B231F957E00DA11FB /* Release */ = {
			isa = XCBuildConfiguration;
			baseConfigurationReference = 05985581CA045ACB0AC291A6 /* Pods-SmartConnect.release.xcconfig */;
			buildSettings = {
				CLANG_ENABLE_MODULES = YES;
				CODE_SIGN_IDENTITY = "";
				CODE_SIGN_STYLE = Automatic;
				DEFINES_MODULE = YES;
				DYLIB_COMPATIBILITY_VERSION = 1;
				DYLIB_CURRENT_VERSION = 1;
				DYLIB_INSTALL_NAME_BASE = "@rpath";
				INFOPLIST_FILE = SmartConnect/Info.plist;
				INSTALL_PATH = "$(LOCAL_LIBRARY_DIR)/Frameworks";
				IPHONEOS_DEPLOYMENT_TARGET = 8.0;
				LD_RUNPATH_SEARCH_PATHS = (
					"$(inherited)",
					"@executable_path/Frameworks",
					"@loader_path/Frameworks",
				);
				PRODUCT_BUNDLE_IDENTIFIER = com.smartpay.SmartConnect;
				PRODUCT_NAME = "$(TARGET_NAME:c99extidentifier)";
				SKIP_INSTALL = YES;
				SWIFT_VERSION = 5.0;
				TARGETED_DEVICE_FAMILY = "1,2";
			};
			name = Release;
		};
		745E793D231F957E00DA11FB /* Debug */ = {
			isa = XCBuildConfiguration;
			baseConfigurationReference = B4A766E21E3FCB16E99D58D9 /* Pods-SmartConnectTests.debug.xcconfig */;
			buildSettings = {
				ALWAYS_EMBED_SWIFT_STANDARD_LIBRARIES = YES;
				CODE_SIGN_STYLE = Automatic;
				INFOPLIST_FILE = SmartConnectTests/Info.plist;
				LD_RUNPATH_SEARCH_PATHS = (
					"$(inherited)",
					"@executable_path/Frameworks",
					"@loader_path/Frameworks",
				);
				PRODUCT_BUNDLE_IDENTIFIER = com.smartpay.SmartConnectTests;
				PRODUCT_NAME = "$(TARGET_NAME)";
				SWIFT_VERSION = 5.0;
				TARGETED_DEVICE_FAMILY = "1,2";
			};
			name = Debug;
		};
		745E793E231F957E00DA11FB /* Release */ = {
			isa = XCBuildConfiguration;
			baseConfigurationReference = FF8C1D044F3954E9F5AABF07 /* Pods-SmartConnectTests.release.xcconfig */;
			buildSettings = {
				ALWAYS_EMBED_SWIFT_STANDARD_LIBRARIES = YES;
				CODE_SIGN_STYLE = Automatic;
				INFOPLIST_FILE = SmartConnectTests/Info.plist;
				LD_RUNPATH_SEARCH_PATHS = (
					"$(inherited)",
					"@executable_path/Frameworks",
					"@loader_path/Frameworks",
				);
				PRODUCT_BUNDLE_IDENTIFIER = com.smartpay.SmartConnectTests;
				PRODUCT_NAME = "$(TARGET_NAME)";
				SWIFT_VERSION = 5.0;
				TARGETED_DEVICE_FAMILY = "1,2";
			};
			name = Release;
		};
		745E7953231F95DE00DA11FB /* Debug */ = {
			isa = XCBuildConfiguration;
			baseConfigurationReference = D3869A4F22AA09EE92167210 /* Pods-SmartPayDemo.debug.xcconfig */;
			buildSettings = {
				ASSETCATALOG_COMPILER_APPICON_NAME = AppIcon;
				CODE_SIGN_STYLE = Automatic;
				INFOPLIST_FILE = SmartPayDemo/Info.plist;
				LD_RUNPATH_SEARCH_PATHS = (
					"$(inherited)",
					"@executable_path/Frameworks",
				);
				PRODUCT_BUNDLE_IDENTIFIER = com.smartpay.SmartPayDemo;
				PRODUCT_NAME = "$(TARGET_NAME)";
				SWIFT_VERSION = 5.0;
				TARGETED_DEVICE_FAMILY = "1,2";
			};
			name = Debug;
		};
		745E7954231F95DE00DA11FB /* Release */ = {
			isa = XCBuildConfiguration;
			baseConfigurationReference = 2E98D9B12015E64DA66C9A1A /* Pods-SmartPayDemo.release.xcconfig */;
			buildSettings = {
				ASSETCATALOG_COMPILER_APPICON_NAME = AppIcon;
				CODE_SIGN_STYLE = Automatic;
				INFOPLIST_FILE = SmartPayDemo/Info.plist;
				LD_RUNPATH_SEARCH_PATHS = (
					"$(inherited)",
					"@executable_path/Frameworks",
				);
				PRODUCT_BUNDLE_IDENTIFIER = com.smartpay.SmartPayDemo;
				PRODUCT_NAME = "$(TARGET_NAME)";
				SWIFT_VERSION = 5.0;
				TARGETED_DEVICE_FAMILY = "1,2";
			};
			name = Release;
		};
/* End XCBuildConfiguration section */

/* Begin XCConfigurationList section */
		745E791F231F957E00DA11FB /* Build configuration list for PBXProject "SmartConnect" */ = {
			isa = XCConfigurationList;
			buildConfigurations = (
				745E7937231F957E00DA11FB /* Debug */,
				745E7938231F957E00DA11FB /* Release */,
			);
			defaultConfigurationIsVisible = 0;
			defaultConfigurationName = Release;
		};
		745E7939231F957E00DA11FB /* Build configuration list for PBXNativeTarget "SmartConnect" */ = {
			isa = XCConfigurationList;
			buildConfigurations = (
				745E793A231F957E00DA11FB /* Debug */,
				745E793B231F957E00DA11FB /* Release */,
			);
			defaultConfigurationIsVisible = 0;
			defaultConfigurationName = Release;
		};
		745E793C231F957E00DA11FB /* Build configuration list for PBXNativeTarget "SmartConnectTests" */ = {
			isa = XCConfigurationList;
			buildConfigurations = (
				745E793D231F957E00DA11FB /* Debug */,
				745E793E231F957E00DA11FB /* Release */,
			);
			defaultConfigurationIsVisible = 0;
			defaultConfigurationName = Release;
		};
		745E7952231F95DE00DA11FB /* Build configuration list for PBXNativeTarget "SmartPayDemo" */ = {
			isa = XCConfigurationList;
			buildConfigurations = (
				745E7953231F95DE00DA11FB /* Debug */,
				745E7954231F95DE00DA11FB /* Release */,
			);
			defaultConfigurationIsVisible = 0;
			defaultConfigurationName = Release;
		};
/* End XCConfigurationList section */
	};
	rootObject = 745E791C231F957E00DA11FB /* Project object */;
}
